// !$*UTF8*$!
{
	archiveVersion = 1;
	classes = {
	};
	objectVersion = 50;
	objects = {

/* Begin PBXBuildFile section */
		48C973F621363D5D00D37E99 /* AppDelegate.m in Sources */ = {isa = PBXBuildFile; fileRef = 48C973F521363D5D00D37E99 /* AppDelegate.m */; };
		48C973F921363D5D00D37E99 /* ViewController.m in Sources */ = {isa = PBXBuildFile; fileRef = 48C973F821363D5D00D37E99 /* ViewController.m */; };
		48C973FC21363D5D00D37E99 /* Main.storyboard in Resources */ = {isa = PBXBuildFile; fileRef = 48C973FA21363D5D00D37E99 /* Main.storyboard */; };
		48C973FE21363D5E00D37E99 /* Assets.xcassets in Resources */ = {isa = PBXBuildFile; fileRef = 48C973FD21363D5E00D37E99 /* Assets.xcassets */; };
		48C9740121363D5E00D37E99 /* LaunchScreen.storyboard in Resources */ = {isa = PBXBuildFile; fileRef = 48C973FF21363D5E00D37E99 /* LaunchScreen.storyboard */; };
		48C9740421363D5E00D37E99 /* main.m in Sources */ = {isa = PBXBuildFile; fileRef = 48C9740321363D5E00D37E99 /* main.m */; };
		48C9740E21369ABF00D37E99 /* triangle.metal in Sources */ = {isa = PBXBuildFile; fileRef = 48C9740D21369ABF00D37E99 /* triangle.metal */; };
		820370E77338554F460FF1C9 /* README.md in Sources */ = {isa = PBXBuildFile; fileRef = 8203749BCFD468E8E17F3D7D /* README.md */; };
/* End PBXBuildFile section */

/* Begin PBXFileReference section */
		48C973F121363D5D00D37E99 /* 一个简单的metal应用.app */ = {isa = PBXFileReference; explicitFileType = wrapper.application; includeInIndex = 0; path = "一个简单的metal应用.app"; sourceTree = BUILT_PRODUCTS_DIR; };
		48C973F421363D5D00D37E99 /* AppDelegate.h */ = {isa = PBXFileReference; lastKnownFileType = sourcecode.c.h; path = AppDelegate.h; sourceTree = "<group>"; };
		48C973F521363D5D00D37E99 /* AppDelegate.m */ = {isa = PBXFileReference; lastKnownFileType = sourcecode.c.objc; path = AppDelegate.m; sourceTree = "<group>"; };
		48C973F721363D5D00D37E99 /* ViewController.h */ = {isa = PBXFileReference; lastKnownFileType = sourcecode.c.h; path = ViewController.h; sourceTree = "<group>"; };
		48C973F821363D5D00D37E99 /* ViewController.m */ = {isa = PBXFileReference; lastKnownFileType = sourcecode.c.objc; path = ViewController.m; sourceTree = "<group>"; };
		48C973FB21363D5D00D37E99 /* Base */ = {isa = PBXFileReference; lastKnownFileType = file.storyboard; name = Base; path = Base.lproj/Main.storyboard; sourceTree = "<group>"; };
		48C973FD21363D5E00D37E99 /* Assets.xcassets */ = {isa = PBXFileReference; lastKnownFileType = folder.assetcatalog; path = Assets.xcassets; sourceTree = "<group>"; };
		48C9740021363D5E00D37E99 /* Base */ = {isa = PBXFileReference; lastKnownFileType = file.storyboard; name = Base; path = Base.lproj/LaunchScreen.storyboard; sourceTree = "<group>"; };
		48C9740221363D5E00D37E99 /* Info.plist */ = {isa = PBXFileReference; lastKnownFileType = text.plist.xml; path = Info.plist; sourceTree = "<group>"; };
		48C9740321363D5E00D37E99 /* main.m */ = {isa = PBXFileReference; lastKnownFileType = sourcecode.c.objc; path = main.m; sourceTree = "<group>"; };
		48C9740D21369ABF00D37E99 /* triangle.metal */ = {isa = PBXFileReference; lastKnownFileType = sourcecode.metal; path = triangle.metal; sourceTree = "<group>"; };
		8203749BCFD468E8E17F3D7D /* README.md */ = {isa = PBXFileReference; fileEncoding = 4; lastKnownFileType = net.daringfireball.markdown; name = README.md; path = ../../README.md; sourceTree = "<group>"; };
/* End PBXFileReference section */

/* Begin PBXFrameworksBuildPhase section */
		48C973EE21363D5D00D37E99 /* Frameworks */ = {
			isa = PBXFrameworksBuildPhase;
			buildActionMask = 2147483647;
			files = (
			);
			runOnlyForDeploymentPostprocessing = 0;
		};
/* End PBXFrameworksBuildPhase section */

/* Begin PBXGroup section */
		48C973E821363D5C00D37E99 = {
			isa = PBXGroup;
			children = (
				48C973F321363D5D00D37E99 /* 一个简单的metal应用 */,
				48C973F221363D5D00D37E99 /* Products */,
			);
			sourceTree = "<group>";
		};
		48C973F221363D5D00D37E99 /* Products */ = {
			isa = PBXGroup;
			children = (
				48C973F121363D5D00D37E99 /* 一个简单的metal应用.app */,
			);
			name = Products;
			sourceTree = "<group>";
		};
		48C973F321363D5D00D37E99 /* 一个简单的metal应用 */ = {
			isa = PBXGroup;
			children = (
				48C973F421363D5D00D37E99 /* AppDelegate.h */,
				48C973F521363D5D00D37E99 /* AppDelegate.m */,
				48C973F721363D5D00D37E99 /* ViewController.h */,
				48C973F821363D5D00D37E99 /* ViewController.m */,
				48C973FA21363D5D00D37E99 /* Main.storyboard */,
				48C973FD21363D5E00D37E99 /* Assets.xcassets */,
				48C973FF21363D5E00D37E99 /* LaunchScreen.storyboard */,
				48C9740221363D5E00D37E99 /* Info.plist */,
				48C9740321363D5E00D37E99 /* main.m */,
				48C9740D21369ABF00D37E99 /* triangle.metal */,
				8203749BCFD468E8E17F3D7D /* README.md */,
			);
			path = "一个简单的metal应用";
			sourceTree = "<group>";
		};
/* End PBXGroup section */

/* Begin PBXNativeTarget section */
		48C973F021363D5D00D37E99 /* 一个简单的metal应用 */ = {
			isa = PBXNativeTarget;
			buildConfigurationList = 48C9740721363D5E00D37E99 /* Build configuration list for PBXNativeTarget "一个简单的metal应用" */;
			buildPhases = (
				48C973ED21363D5D00D37E99 /* Sources */,
				48C973EE21363D5D00D37E99 /* Frameworks */,
				48C973EF21363D5D00D37E99 /* Resources */,
			);
			buildRules = (
			);
			dependencies = (
			);
			name = "一个简单的metal应用";
			productName = "一个简单的metal应用";
			productReference = 48C973F121363D5D00D37E99 /* 一个简单的metal应用.app */;
			productType = "com.apple.product-type.application";
		};
/* End PBXNativeTarget section */

/* Begin PBXProject section */
		48C973E921363D5C00D37E99 /* Project object */ = {
			isa = PBXProject;
			attributes = {
				LastUpgradeCheck = 0940;
				ORGANIZATIONNAME = "码叔";
				TargetAttributes = {
					48C973F021363D5D00D37E99 = {
						CreatedOnToolsVersion = 9.4.1;
					};
				};
			};
			buildConfigurationList = 48C973EC21363D5C00D37E99 /* Build configuration list for PBXProject "一个简单的metal应用" */;
			compatibilityVersion = "Xcode 9.3";
			developmentRegion = en;
			hasScannedForEncodings = 0;
			knownRegions = (
				en,
				Base,
			);
			mainGroup = 48C973E821363D5C00D37E99;
			productRefGroup = 48C973F221363D5D00D37E99 /* Products */;
			projectDirPath = "";
			projectRoot = "";
			targets = (
				48C973F021363D5D00D37E99 /* 一个简单的metal应用 */,
			);
		};
/* End PBXProject section */

/* Begin PBXResourcesBuildPhase section */
		48C973EF21363D5D00D37E99 /* Resources */ = {
			isa = PBXResourcesBuildPhase;
			buildActionMask = 2147483647;
			files = (
				48C9740121363D5E00D37E99 /* LaunchScreen.storyboard in Resources */,
				48C973FE21363D5E00D37E99 /* Assets.xcassets in Resources */,
				48C973FC21363D5D00D37E99 /* Main.storyboard in Resources */,
			);
			runOnlyForDeploymentPostprocessing = 0;
		};
/* End PBXResourcesBuildPhase section */

/* Begin PBXSourcesBuildPhase section */
		48C973ED21363D5D00D37E99 /* Sources */ = {
			isa = PBXSourcesBuildPhase;
			buildActionMask = 2147483647;
			files = (
				48C973F921363D5D00D37E99 /* ViewController.m in Sources */,
				48C9740421363D5E00D37E99 /* main.m in Sources */,
				48C9740E21369ABF00D37E99 /* triangle.metal in Sources */,
				48C973F621363D5D00D37E99 /* AppDelegate.m in Sources */,
				820370E77338554F460FF1C9 /* README.md in Sources */,
			);
			runOnlyForDeploymentPostprocessing = 0;
		};
/* End PBXSourcesBuildPhase section */

/* Begin PBXVariantGroup section */
		48C973FA21363D5D00D37E99 /* Main.storyboard */ = {
			isa = PBXVariantGroup;
			children = (
				48C973FB21363D5D00D37E99 /* Base */,
			);
			name = Main.storyboard;
			sourceTree = "<group>";
		};
		48C973FF21363D5E00D37E99 /* LaunchScreen.storyboard */ = {
			isa = PBXVariantGroup;
			children = (
				48C9740021363D5E00D37E99 /* Base */,
			);
			name = LaunchScreen.storyboard;
			sourceTree = "<group>";
		};
/* End PBXVariantGroup section */

/* Begin XCBuildConfiguration section */
		48C9740521363D5E00D37E99 /* Debug */ = {
			isa = XCBuildConfiguration;
			buildSettings = {
				ALWAYS_SEARCH_USER_PATHS = NO;
				CLANG_ANALYZER_NONNULL = YES;
				CLANG_ANALYZER_NUMBER_OBJECT_CONVERSION = YES_AGGRESSIVE;
				CLANG_CXX_LANGUAGE_STANDARD = "gnu++14";
				CLANG_CXX_LIBRARY = "libc++";
				CLANG_ENABLE_MODULES = YES;
				CLANG_ENABLE_OBJC_ARC = YES;
				CLANG_ENABLE_OBJC_WEAK = YES;
				CLANG_WARN_BLOCK_CAPTURE_AUTORELEASING = YES;
				CLANG_WARN_BOOL_CONVERSION = YES;
				CLANG_WARN_COMMA = YES;
				CLANG_WARN_CONSTANT_CONVERSION = YES;
				CLANG_WARN_DEPRECATED_OBJC_IMPLEMENTATIONS = YES;
				CLANG_WARN_DIRECT_OBJC_ISA_USAGE = YES_ERROR;
				CLANG_WARN_DOCUMENTATION_COMMENTS = YES;
				CLANG_WARN_EMPTY_BODY = YES;
				CLANG_WARN_ENUM_CONVERSION = YES;
				CLANG_WARN_INFINITE_RECURSION = YES;
				CLANG_WARN_INT_CONVERSION = YES;
				CLANG_WARN_NON_LITERAL_NULL_CONVERSION = YES;
				CLANG_WARN_OBJC_IMPLICIT_RETAIN_SELF = YES;
				CLANG_WARN_OBJC_LITERAL_CONVERSION = YES;
				CLANG_WARN_OBJC_ROOT_CLASS = YES_ERROR;
				CLANG_WARN_RANGE_LOOP_ANALYSIS = YES;
				CLANG_WARN_STRICT_PROTOTYPES = YES;
				CLANG_WARN_SUSPICIOUS_MOVE = YES;
				CLANG_WARN_UNGUARDED_AVAILABILITY = YES_AGGRESSIVE;
				CLANG_WARN_UNREACHABLE_CODE = YES;
				CLANG_WARN__DUPLICATE_METHOD_MATCH = YES;
				CODE_SIGN_IDENTITY = "iPhone Developer";
				COPY_PHASE_STRIP = NO;
				DEBUG_INFORMATION_FORMAT = dwarf;
				ENABLE_STRICT_OBJC_MSGSEND = YES;
				ENABLE_TESTABILITY = YES;
				GCC_C_LANGUAGE_STANDARD = gnu11;
				GCC_DYNAMIC_NO_PIC = NO;
				GCC_NO_COMMON_BLOCKS = YES;
				GCC_OPTIMIZATION_LEVEL = 0;
				GCC_PREPROCESSOR_DEFINITIONS = (
					"DEBUG=1",
					"$(inherited)",
				);
				GCC_WARN_64_TO_32_BIT_CONVERSION = YES;
				GCC_WARN_ABOUT_RETURN_TYPE = YES_ERROR;
				GCC_WARN_UNDECLARED_SELECTOR = YES;
				GCC_WARN_UNINITIALIZED_AUTOS = YES_AGGRESSIVE;
				GCC_WARN_UNUSED_FUNCTION = YES;
				GCC_WARN_UNUSED_VARIABLE = YES;
				IPHONEOS_DEPLOYMENT_TARGET = 11.4;
				MTL_ENABLE_DEBUG_INFO = YES;
				ONLY_ACTIVE_ARCH = YES;
				SDKROOT = iphoneos;
			};
			name = Debug;
		};
		48C9740621363D5E00D37E99 /* Release */ = {
			isa = XCBuildConfiguration;
			buildSettings = {
				ALWAYS_SEARCH_USER_PATHS = NO;
				CLANG_ANALYZER_NONNULL = YES;
				CLANG_ANALYZER_NUMBER_OBJECT_CONVERSION = YES_AGGRESSIVE;
				CLANG_CXX_LANGUAGE_STANDARD = "gnu++14";
				CLANG_CXX_LIBRARY = "libc++";
				CLANG_ENABLE_MODULES = YES;
				CLANG_ENABLE_OBJC_ARC = YES;
				CLANG_ENABLE_OBJC_WEAK = YES;
				CLANG_WARN_BLOCK_CAPTURE_AUTORELEASING = YES;
				CLANG_WARN_BOOL_CONVERSION = YES;
				CLANG_WARN_COMMA = YES;
				CLANG_WARN_CONSTANT_CONVERSION = YES;
				CLANG_WARN_DEPRECATED_OBJC_IMPLEMENTATIONS = YES;
				CLANG_WARN_DIRECT_OBJC_ISA_USAGE = YES_ERROR;
				CLANG_WARN_DOCUMENTATION_COMMENTS = YES;
				CLANG_WARN_EMPTY_BODY = YES;
				CLANG_WARN_ENUM_CONVERSION = YES;
				CLANG_WARN_INFINITE_RECURSION = YES;
				CLANG_WARN_INT_CONVERSION = YES;
				CLANG_WARN_NON_LITERAL_NULL_CONVERSION = YES;
				CLANG_WARN_OBJC_IMPLICIT_RETAIN_SELF = YES;
				CLANG_WARN_OBJC_LITERAL_CONVERSION = YES;
				CLANG_WARN_OBJC_ROOT_CLASS = YES_ERROR;
				CLANG_WARN_RANGE_LOOP_ANALYSIS = YES;
				CLANG_WARN_STRICT_PROTOTYPES = YES;
				CLANG_WARN_SUSPICIOUS_MOVE = YES;
				CLANG_WARN_UNGUARDED_AVAILABILITY = YES_AGGRESSIVE;
				CLANG_WARN_UNREACHABLE_CODE = YES;
				CLANG_WARN__DUPLICATE_METHOD_MATCH = YES;
				CODE_SIGN_IDENTITY = "iPhone Developer";
				COPY_PHASE_STRIP = NO;
				DEBUG_INFORMATION_FORMAT = "dwarf-with-dsym";
				ENABLE_NS_ASSERTIONS = NO;
				ENABLE_STRICT_OBJC_MSGSEND = YES;
				GCC_C_LANGUAGE_STANDARD = gnu11;
				GCC_NO_COMMON_BLOCKS = YES;
				GCC_WARN_64_TO_32_BIT_CONVERSION = YES;
				GCC_WARN_ABOUT_RETURN_TYPE = YES_ERROR;
				GCC_WARN_UNDECLARED_SELECTOR = YES;
				GCC_WARN_UNINITIALIZED_AUTOS = YES_AGGRESSIVE;
				GCC_WARN_UNUSED_FUNCTION = YES;
				GCC_WARN_UNUSED_VARIABLE = YES;
				IPHONEOS_DEPLOYMENT_TARGET = 11.4;
				MTL_ENABLE_DEBUG_INFO = NO;
				SDKROOT = iphoneos;
				VALIDATE_PRODUCT = YES;
			};
			name = Release;
		};
		48C9740821363D5E00D37E99 /* Debug */ = {
			isa = XCBuildConfiguration;
			buildSettings = {
				ASSETCATALOG_COMPILER_APPICON_NAME = AppIcon;
				CODE_SIGN_STYLE = Automatic;
				DEVELOPMENT_TEAM = 53ADUL6525;
				INFOPLIST_FILE = "一个简单的metal应用/Info.plist";
				LD_RUNPATH_SEARCH_PATHS = (
					"$(inherited)",
					"@executable_path/Frameworks",
				);
				PRODUCT_BUNDLE_IDENTIFIER = com.get.qrcodes.gp;
				PRODUCT_NAME = "$(TARGET_NAME)";
				TARGETED_DEVICE_FAMILY = "1,2";
			};
			name = Debug;
		};
		48C9740921363D5E00D37E99 /* Release */ = {
			isa = XCBuildConfiguration;
			buildSettings = {
				ASSETCATALOG_COMPILER_APPICON_NAME = AppIcon;
				CODE_SIGN_STYLE = Automatic;
				DEVELOPMENT_TEAM = 53ADUL6525;
				INFOPLIST_FILE = "一个简单的metal应用/Info.plist";
				LD_RUNPATH_SEARCH_PATHS = (
					"$(inherited)",
					"@executable_path/Frameworks",
				);
				PRODUCT_BUNDLE_IDENTIFIER = com.get.qrcodes.gp;
				PRODUCT_NAME = "$(TARGET_NAME)";
				TARGETED_DEVICE_FAMILY = "1,2";
			};
			name = Release;
		};
/* End XCBuildConfiguration section */

/* Begin XCConfigurationList section */
		48C973EC21363D5C00D37E99 /* Build configuration list for PBXProject "一个简单的metal应用" */ = {
			isa = XCConfigurationList;
			buildConfigurations = (
				48C9740521363D5E00D37E99 /* Debug */,
				48C9740621363D5E00D37E99 /* Release */,
			);
			defaultConfigurationIsVisible = 0;
			defaultConfigurationName = Release;
		};
		48C9740721363D5E00D37E99 /* Build configuration list for PBXNativeTarget "一个简单的metal应用" */ = {
			isa = XCConfigurationList;
			buildConfigurations = (
				48C9740821363D5E00D37E99 /* Debug */,
				48C9740921363D5E00D37E99 /* Release */,
			);
			defaultConfigurationIsVisible = 0;
			defaultConfigurationName = Release;
		};
/* End XCConfigurationList section */
	};
	rootObject = 48C973E921363D5C00D37E99 /* Project object */;
}
